
Microsoft Visual Studio Solution File, Format Version 12.00
# Visual Studio Version 16
VisualStudioVersion = 16.0.31729.503
MinimumVisualStudioVersion = 10.0.40219.1
Project("{FAE04EC0-301F-11D3-BF4B-00C04F79EFBC}") = "CreatiomModel", "CreatiomModel\CreatiomModel.csproj", "{CCD97472-E043-4752-906C-85ED6B0EFB50}"
EndProject
Global
	GlobalSection(SolutionConfigurationPlatforms) = preSolution
		Debug|Any CPU = Debug|Any CPU
		Release|Any CPU = Release|Any CPU
	EndGlobalSection
	GlobalSection(ProjectConfigurationPlatforms) = postSolution
		{CCD97472-E043-4752-906C-85ED6B0EFB50}.Debug|Any CPU.ActiveCfg = Debug|Any CPU
		{CCD97472-E043-4752-906C-85ED6B0EFB50}.Debug|Any CPU.Build.0 = Debug|Any CPU
		{CCD97472-E043-4752-906C-85ED6B0EFB50}.Release|Any CPU.ActiveCfg = Release|Any CPU
		{CCD97472-E043-4752-906C-85ED6B0EFB50}.Release|Any CPU.Build.0 = Release|Any CPU
	EndGlobalSection
	GlobalSection(SolutionProperties) = preSolution
		HideSolutionNode = FALSE
	EndGlobalSection
	GlobalSection(ExtensibilityGlobals) = postSolution
		SolutionGuid = {0DAA330A-3727-4691-B475-835298EFC10C}
	EndGlobalSection
EndGlobal
